
Microsoft Visual Studio Solution File, Format Version 12.00
# Visual Studio Version 16
VisualStudioVersion = 16.0.30907.101
MinimumVisualStudioVersion = 10.0.40219.1
Project("{FAE04EC0-301F-11D3-BF4B-00C04F79EFBC}") = "HindusthanUniversity", "HindusthanUniversity.csproj", "{4764C38C-881E-45B6-A6AB-B017D0B09216}"
EndProject
Global
	GlobalSection(SolutionConfigurationPlatforms) = preSolution
		Debug|Any CPU = Debug|Any CPU
		Release|Any CPU = Release|Any CPU
	EndGlobalSection
	GlobalSection(ProjectConfigurationPlatforms) = postSolution
		{4764C38C-881E-45B6-A6AB-B017D0B09216}.Debug|Any CPU.ActiveCfg = Debug|Any CPU
		{4764C38C-881E-45B6-A6AB-B017D0B09216}.Debug|Any CPU.Build.0 = Debug|Any CPU
		{4764C38C-881E-45B6-A6AB-B017D0B09216}.Release|Any CPU.ActiveCfg = Release|Any CPU
		{4764C38C-881E-45B6-A6AB-B017D0B09216}.Release|Any CPU.Build.0 = Release|Any CPU
	EndGlobalSection
	GlobalSection(SolutionProperties) = preSolution
		HideSolutionNode = FALSE
	EndGlobalSection
	GlobalSection(ExtensibilityGlobals) = postSolution
		SolutionGuid = {00C391ED-4613-47B8-8AA6-C63EDD858FD8}
	EndGlobalSection
EndGlobal
